// !$*UTF8*$!
{
	archiveVersion = 1;
	classes = {
	};
	objectVersion = 56;
	objects = {

/* Begin PBXBuildFile section */
		15799DA82A94FAD6006390FF /* FToDoApp.swift in Sources */ = {isa = PBXBuildFile; fileRef = 15799DA72A94FAD6006390FF /* FToDoApp.swift */; };
		15799DAC2A94FAD7006390FF /* Assets.xcassets in Resources */ = {isa = PBXBuildFile; fileRef = 15799DAB2A94FAD7006390FF /* Assets.xcassets */; };
		15799DAF2A94FAD7006390FF /* Preview Assets.xcassets in Resources */ = {isa = PBXBuildFile; fileRef = 15799DAE2A94FAD7006390FF /* Preview Assets.xcassets */; };
		15799DB92A94FAD7006390FF /* FToDoTests.swift in Sources */ = {isa = PBXBuildFile; fileRef = 15799DB82A94FAD7006390FF /* FToDoTests.swift */; };
		15799DC32A94FAD7006390FF /* FToDoUITests.swift in Sources */ = {isa = PBXBuildFile; fileRef = 15799DC22A94FAD7006390FF /* FToDoUITests.swift */; };
		15799DC52A94FAD7006390FF /* FToDoUITestsLaunchTests.swift in Sources */ = {isa = PBXBuildFile; fileRef = 15799DC42A94FAD7006390FF /* FToDoUITestsLaunchTests.swift */; };
		159CB6022A950A7F0013340E /* FirebaseAuth in Frameworks */ = {isa = PBXBuildFile; productRef = 159CB6012A950A7F0013340E /* FirebaseAuth */; };
		159CB6042A950A7F0013340E /* FirebaseFirestore in Frameworks */ = {isa = PBXBuildFile; productRef = 159CB6032A950A7F0013340E /* FirebaseFirestore */; };
		159CB6062A950A7F0013340E /* FirebaseFirestoreSwift in Frameworks */ = {isa = PBXBuildFile; productRef = 159CB6052A950A7F0013340E /* FirebaseFirestoreSwift */; };
		159CB6082A950BA90013340E /* GoogleService-Info.plist in Resources */ = {isa = PBXBuildFile; fileRef = 159CB6072A950BA80013340E /* GoogleService-Info.plist */; };
		159CB60A2A950D890013340E /* LaunchScreen.storyboard in Resources */ = {isa = PBXBuildFile; fileRef = 159CB6092A950D890013340E /* LaunchScreen.storyboard */; };
		159CB6132A9621830013340E /* ToDoListViewViewModel.swift in Sources */ = {isa = PBXBuildFile; fileRef = 159CB60C2A9621830013340E /* ToDoListViewViewModel.swift */; };
		159CB6142A9621830013340E /* ProfileViewViewModel.swift in Sources */ = {isa = PBXBuildFile; fileRef = 159CB60D2A9621830013340E /* ProfileViewViewModel.swift */; };
		159CB6152A9621830013340E /* NewItemViewModel.swift in Sources */ = {isa = PBXBuildFile; fileRef = 159CB60E2A9621830013340E /* NewItemViewModel.swift */; };
		159CB6162A9621830013340E /* ToDoListItemViewViewModel.swift in Sources */ = {isa = PBXBuildFile; fileRef = 159CB60F2A9621830013340E /* ToDoListItemViewViewModel.swift */; };
		159CB6172A9621830013340E /* MainViewViewModel.swift in Sources */ = {isa = PBXBuildFile; fileRef = 159CB6102A9621830013340E /* MainViewViewModel.swift */; };
		159CB6182A9621830013340E /* RegisterViewViewModel.swift in Sources */ = {isa = PBXBuildFile; fileRef = 159CB6112A9621830013340E /* RegisterViewViewModel.swift */; };
		159CB6192A9621830013340E /* LoginViewViewModel.swift in Sources */ = {isa = PBXBuildFile; fileRef = 159CB6122A9621830013340E /* LoginViewViewModel.swift */; };
		159CB6242A9621A10013340E /* ProfileView.swift in Sources */ = {isa = PBXBuildFile; fileRef = 159CB61B2A9621A10013340E /* ProfileView.swift */; };
		159CB6252A9621A10013340E /* LoginView.swift in Sources */ = {isa = PBXBuildFile; fileRef = 159CB61C2A9621A10013340E /* LoginView.swift */; };
		159CB6262A9621A10013340E /* ToDoListItemView.swift in Sources */ = {isa = PBXBuildFile; fileRef = 159CB61D2A9621A10013340E /* ToDoListItemView.swift */; };
		159CB6272A9621A10013340E /* NewItemView.swift in Sources */ = {isa = PBXBuildFile; fileRef = 159CB61E2A9621A10013340E /* NewItemView.swift */; };
		159CB6282A9621A10013340E /* HeaderView.swift in Sources */ = {isa = PBXBuildFile; fileRef = 159CB61F2A9621A10013340E /* HeaderView.swift */; };
		159CB6292A9621A10013340E /* TLButton.swift in Sources */ = {isa = PBXBuildFile; fileRef = 159CB6202A9621A10013340E /* TLButton.swift */; };
		159CB62A2A9621A10013340E /* RegisterView.swift in Sources */ = {isa = PBXBuildFile; fileRef = 159CB6212A9621A10013340E /* RegisterView.swift */; };
		159CB62B2A9621A10013340E /* MainView.swift in Sources */ = {isa = PBXBuildFile; fileRef = 159CB6222A9621A10013340E /* MainView.swift */; };
		159CB62C2A9621A10013340E /* ToDoListViews.swift in Sources */ = {isa = PBXBuildFile; fileRef = 159CB6232A9621A10013340E /* ToDoListViews.swift */; };
		159CB6302A9624CA0013340E /* Users.swift in Sources */ = {isa = PBXBuildFile; fileRef = 159CB62F2A9624CA0013340E /* Users.swift */; };
		159CB6322A9626A90013340E /* ToDoListItem.swift in Sources */ = {isa = PBXBuildFile; fileRef = 159CB6312A9626A90013340E /* ToDoListItem.swift */; };
		159CB6342A9626B60013340E /* Extensions.swift in Sources */ = {isa = PBXBuildFile; fileRef = 159CB6332A9626B60013340E /* Extensions.swift */; };
		15F831BF2A973C0300EB93A3 /* Admin.swift in Sources */ = {isa = PBXBuildFile; fileRef = 15F831BE2A973C0300EB93A3 /* Admin.swift */; };
/* End PBXBuildFile section */

/* Begin PBXContainerItemProxy section */
		15799DB52A94FAD7006390FF /* PBXContainerItemProxy */ = {
			isa = PBXContainerItemProxy;
			containerPortal = 15799D9C2A94FAD6006390FF /* Project object */;
			proxyType = 1;
			remoteGlobalIDString = 15799DA32A94FAD6006390FF;
			remoteInfo = FToDo;
		};
		15799DBF2A94FAD7006390FF /* PBXContainerItemProxy */ = {
			isa = PBXContainerItemProxy;
			containerPortal = 15799D9C2A94FAD6006390FF /* Project object */;
			proxyType = 1;
			remoteGlobalIDString = 15799DA32A94FAD6006390FF;
			remoteInfo = FToDo;
		};
/* End PBXContainerItemProxy section */

/* Begin PBXFileReference section */
		15799DA42A94FAD6006390FF /* FToDo.app */ = {isa = PBXFileReference; explicitFileType = wrapper.application; includeInIndex = 0; path = FToDo.app; sourceTree = BUILT_PRODUCTS_DIR; };
		15799DA72A94FAD6006390FF /* FToDoApp.swift */ = {isa = PBXFileReference; lastKnownFileType = sourcecode.swift; path = FToDoApp.swift; sourceTree = "<group>"; };
		15799DAB2A94FAD7006390FF /* Assets.xcassets */ = {isa = PBXFileReference; lastKnownFileType = folder.assetcatalog; path = Assets.xcassets; sourceTree = "<group>"; };
		15799DAE2A94FAD7006390FF /* Preview Assets.xcassets */ = {isa = PBXFileReference; lastKnownFileType = folder.assetcatalog; path = "Preview Assets.xcassets"; sourceTree = "<group>"; };
		15799DB42A94FAD7006390FF /* FToDoTests.xctest */ = {isa = PBXFileReference; explicitFileType = wrapper.cfbundle; includeInIndex = 0; path = FToDoTests.xctest; sourceTree = BUILT_PRODUCTS_DIR; };
		15799DB82A94FAD7006390FF /* FToDoTests.swift */ = {isa = PBXFileReference; lastKnownFileType = sourcecode.swift; path = FToDoTests.swift; sourceTree = "<group>"; };
		15799DBE2A94FAD7006390FF /* FToDoUITests.xctest */ = {isa = PBXFileReference; explicitFileType = wrapper.cfbundle; includeInIndex = 0; path = FToDoUITests.xctest; sourceTree = BUILT_PRODUCTS_DIR; };
		15799DC22A94FAD7006390FF /* FToDoUITests.swift */ = {isa = PBXFileReference; lastKnownFileType = sourcecode.swift; path = FToDoUITests.swift; sourceTree = "<group>"; };
		15799DC42A94FAD7006390FF /* FToDoUITestsLaunchTests.swift */ = {isa = PBXFileReference; lastKnownFileType = sourcecode.swift; path = FToDoUITestsLaunchTests.swift; sourceTree = "<group>"; };
		159CB6072A950BA80013340E /* GoogleService-Info.plist */ = {isa = PBXFileReference; fileEncoding = 4; lastKnownFileType = text.plist.xml; path = "GoogleService-Info.plist"; sourceTree = "<group>"; };
		159CB6092A950D890013340E /* LaunchScreen.storyboard */ = {isa = PBXFileReference; lastKnownFileType = file.storyboard; path = LaunchScreen.storyboard; sourceTree = "<group>"; };
		159CB60C2A9621830013340E /* ToDoListViewViewModel.swift */ = {isa = PBXFileReference; fileEncoding = 4; lastKnownFileType = sourcecode.swift; path = ToDoListViewViewModel.swift; sourceTree = "<group>"; };
		159CB60D2A9621830013340E /* ProfileViewViewModel.swift */ = {isa = PBXFileReference; fileEncoding = 4; lastKnownFileType = sourcecode.swift; path = ProfileViewViewModel.swift; sourceTree = "<group>"; };
		159CB60E2A9621830013340E /* NewItemViewModel.swift */ = {isa = PBXFileReference; fileEncoding = 4; lastKnownFileType = sourcecode.swift; path = NewItemViewModel.swift; sourceTree = "<group>"; };
		159CB60F2A9621830013340E /* ToDoListItemViewViewModel.swift */ = {isa = PBXFileReference; fileEncoding = 4; lastKnownFileType = sourcecode.swift; path = ToDoListItemViewViewModel.swift; sourceTree = "<group>"; };
		159CB6102A9621830013340E /* MainViewViewModel.swift */ = {isa = PBXFileReference; fileEncoding = 4; lastKnownFileType = sourcecode.swift; path = MainViewViewModel.swift; sourceTree = "<group>"; };
		159CB6112A9621830013340E /* RegisterViewViewModel.swift */ = {isa = PBXFileReference; fileEncoding = 4; lastKnownFileType = sourcecode.swift; path = RegisterViewViewModel.swift; sourceTree = "<group>"; };
		159CB6122A9621830013340E /* LoginViewViewModel.swift */ = {isa = PBXFileReference; fileEncoding = 4; lastKnownFileType = sourcecode.swift; path = LoginViewViewModel.swift; sourceTree = "<group>"; };
		159CB61B2A9621A10013340E /* ProfileView.swift */ = {isa = PBXFileReference; fileEncoding = 4; lastKnownFileType = sourcecode.swift; path = ProfileView.swift; sourceTree = "<group>"; };
		159CB61C2A9621A10013340E /* LoginView.swift */ = {isa = PBXFileReference; fileEncoding = 4; lastKnownFileType = sourcecode.swift; path = LoginView.swift; sourceTree = "<group>"; };
		159CB61D2A9621A10013340E /* ToDoListItemView.swift */ = {isa = PBXFileReference; fileEncoding = 4; lastKnownFileType = sourcecode.swift; path = ToDoListItemView.swift; sourceTree = "<group>"; };
		159CB61E2A9621A10013340E /* NewItemView.swift */ = {isa = PBXFileReference; fileEncoding = 4; lastKnownFileType = sourcecode.swift; path = NewItemView.swift; sourceTree = "<group>"; };
		159CB61F2A9621A10013340E /* HeaderView.swift */ = {isa = PBXFileReference; fileEncoding = 4; lastKnownFileType = sourcecode.swift; path = HeaderView.swift; sourceTree = "<group>"; };
		159CB6202A9621A10013340E /* TLButton.swift */ = {isa = PBXFileReference; fileEncoding = 4; lastKnownFileType = sourcecode.swift; path = TLButton.swift; sourceTree = "<group>"; };
		159CB6212A9621A10013340E /* RegisterView.swift */ = {isa = PBXFileReference; fileEncoding = 4; lastKnownFileType = sourcecode.swift; path = RegisterView.swift; sourceTree = "<group>"; };
		159CB6222A9621A10013340E /* MainView.swift */ = {isa = PBXFileReference; fileEncoding = 4; lastKnownFileType = sourcecode.swift; path = MainView.swift; sourceTree = "<group>"; };
		159CB6232A9621A10013340E /* ToDoListViews.swift */ = {isa = PBXFileReference; fileEncoding = 4; lastKnownFileType = sourcecode.swift; path = ToDoListViews.swift; sourceTree = "<group>"; };
		159CB62F2A9624CA0013340E /* Users.swift */ = {isa = PBXFileReference; fileEncoding = 4; lastKnownFileType = sourcecode.swift; path = Users.swift; sourceTree = "<group>"; };
		159CB6312A9626A90013340E /* ToDoListItem.swift */ = {isa = PBXFileReference; fileEncoding = 4; lastKnownFileType = sourcecode.swift; path = ToDoListItem.swift; sourceTree = "<group>"; };
		159CB6332A9626B60013340E /* Extensions.swift */ = {isa = PBXFileReference; fileEncoding = 4; lastKnownFileType = sourcecode.swift; path = Extensions.swift; sourceTree = "<group>"; };
		15F831BE2A973C0300EB93A3 /* Admin.swift */ = {isa = PBXFileReference; lastKnownFileType = sourcecode.swift; path = Admin.swift; sourceTree = "<group>"; };
/* End PBXFileReference section */

/* Begin PBXFrameworksBuildPhase section */
		15799DA12A94FAD6006390FF /* Frameworks */ = {
			isa = PBXFrameworksBuildPhase;
			buildActionMask = 2147483647;
			files = (
				159CB6022A950A7F0013340E /* FirebaseAuth in Frameworks */,
				159CB6042A950A7F0013340E /* FirebaseFirestore in Frameworks */,
				159CB6062A950A7F0013340E /* FirebaseFirestoreSwift in Frameworks */,
			);
			runOnlyForDeploymentPostprocessing = 0;
		};
		15799DB12A94FAD7006390FF /* Frameworks */ = {
			isa = PBXFrameworksBuildPhase;
			buildActionMask = 2147483647;
			files = (
			);
			runOnlyForDeploymentPostprocessing = 0;
		};
		15799DBB2A94FAD7006390FF /* Frameworks */ = {
			isa = PBXFrameworksBuildPhase;
			buildActionMask = 2147483647;
			files = (
			);
			runOnlyForDeploymentPostprocessing = 0;
		};
/* End PBXFrameworksBuildPhase section */

/* Begin PBXGroup section */
		15799D9B2A94FAD6006390FF = {
			isa = PBXGroup;
			children = (
				15799DA62A94FAD6006390FF /* FToDo */,
				15799DB72A94FAD7006390FF /* FToDoTests */,
				15799DC12A94FAD7006390FF /* FToDoUITests */,
				15799DA52A94FAD6006390FF /* Products */,
			);
			sourceTree = "<group>";
		};
		15799DA52A94FAD6006390FF /* Products */ = {
			isa = PBXGroup;
			children = (
				15799DA42A94FAD6006390FF /* FToDo.app */,
				15799DB42A94FAD7006390FF /* FToDoTests.xctest */,
				15799DBE2A94FAD7006390FF /* FToDoUITests.xctest */,
			);
			name = Products;
			sourceTree = "<group>";
		};
		15799DA62A94FAD6006390FF /* FToDo */ = {
			isa = PBXGroup;
			children = (
				159CB62E2A9622AB0013340E /* Models */,
				159CB6312A9626A90013340E /* ToDoListItem.swift */,
				159CB6332A9626B60013340E /* Extensions.swift */,
				159CB60B2A9621830013340E /* ViewModels */,
				159CB61A2A9621A10013340E /* Views */,
				15799DAD2A94FAD7006390FF /* Preview Content */,
			);
			path = FToDo;
			sourceTree = "<group>";
		};
		15799DAD2A94FAD7006390FF /* Preview Content */ = {
			isa = PBXGroup;
			children = (
				15799DAB2A94FAD7006390FF /* Assets.xcassets */,
				159CB6092A950D890013340E /* LaunchScreen.storyboard */,
				15799DAE2A94FAD7006390FF /* Preview Assets.xcassets */,
			);
			path = "Preview Content";
			sourceTree = "<group>";
		};
		15799DB72A94FAD7006390FF /* FToDoTests */ = {
			isa = PBXGroup;
			children = (
				15799DB82A94FAD7006390FF /* FToDoTests.swift */,
			);
			path = FToDoTests;
			sourceTree = "<group>";
		};
		15799DC12A94FAD7006390FF /* FToDoUITests */ = {
			isa = PBXGroup;
			children = (
				15799DC22A94FAD7006390FF /* FToDoUITests.swift */,
				15799DC42A94FAD7006390FF /* FToDoUITestsLaunchTests.swift */,
			);
			path = FToDoUITests;
			sourceTree = "<group>";
		};
		159CB60B2A9621830013340E /* ViewModels */ = {
			isa = PBXGroup;
			children = (
				159CB6102A9621830013340E /* MainViewViewModel.swift */,
				159CB60D2A9621830013340E /* ProfileViewViewModel.swift */,
				159CB60F2A9621830013340E /* ToDoListItemViewViewModel.swift */,
				159CB60E2A9621830013340E /* NewItemViewModel.swift */,
				159CB6122A9621830013340E /* LoginViewViewModel.swift */,
				159CB6112A9621830013340E /* RegisterViewViewModel.swift */,
				159CB60C2A9621830013340E /* ToDoListViewViewModel.swift */,
			);
			path = ViewModels;
			sourceTree = "<group>";
		};
		159CB61A2A9621A10013340E /* Views */ = {
			isa = PBXGroup;
			children = (
				159CB6222A9621A10013340E /* MainView.swift */,
				159CB61B2A9621A10013340E /* ProfileView.swift */,
				159CB6232A9621A10013340E /* ToDoListViews.swift */,
				159CB61D2A9621A10013340E /* ToDoListItemView.swift */,
				159CB61E2A9621A10013340E /* NewItemView.swift */,
				159CB61C2A9621A10013340E /* LoginView.swift */,
				159CB6212A9621A10013340E /* RegisterView.swift */,
				159CB6202A9621A10013340E /* TLButton.swift */,
				159CB61F2A9621A10013340E /* HeaderView.swift */,
			);
			path = Views;
			sourceTree = "<group>";
		};
		159CB62D2A96227F0013340E /* Other */ = {
			isa = PBXGroup;
			children = (
				159CB6072A950BA80013340E /* GoogleService-Info.plist */,
				15799DA72A94FAD6006390FF /* FToDoApp.swift */,
			);
			path = Other;
			sourceTree = "<group>";
		};
		159CB62E2A9622AB0013340E /* Models */ = {
			isa = PBXGroup;
			children = (
				159CB62F2A9624CA0013340E /* Users.swift */,
				15F831BE2A973C0300EB93A3 /* Admin.swift */,
				159CB62D2A96227F0013340E /* Other */,
			);
			path = Models;
			sourceTree = "<group>";
		};
/* End PBXGroup section */

/* Begin PBXNativeTarget section */
		15799DA32A94FAD6006390FF /* FToDo */ = {
			isa = PBXNativeTarget;
			buildConfigurationList = 15799DC82A94FAD7006390FF /* Build configuration list for PBXNativeTarget "FToDo" */;
			buildPhases = (
				15799DA02A94FAD6006390FF /* Sources */,
				15799DA12A94FAD6006390FF /* Frameworks */,
				15799DA22A94FAD6006390FF /* Resources */,
			);
			buildRules = (
			);
			dependencies = (
			);
			name = FToDo;
			packageProductDependencies = (
				159CB6012A950A7F0013340E /* FirebaseAuth */,
				159CB6032A950A7F0013340E /* FirebaseFirestore */,
				159CB6052A950A7F0013340E /* FirebaseFirestoreSwift */,
			);
			productName = FToDo;
			productReference = 15799DA42A94FAD6006390FF /* FToDo.app */;
			productType = "com.apple.product-type.application";
		};
		15799DB32A94FAD7006390FF /* FToDoTests */ = {
			isa = PBXNativeTarget;
			buildConfigurationList = 15799DCB2A94FAD7006390FF /* Build configuration list for PBXNativeTarget "FToDoTests" */;
			buildPhases = (
				15799DB02A94FAD7006390FF /* Sources */,
				15799DB12A94FAD7006390FF /* Frameworks */,
				15799DB22A94FAD7006390FF /* Resources */,
			);
			buildRules = (
			);
			dependencies = (
				15799DB62A94FAD7006390FF /* PBXTargetDependency */,
			);
			name = FToDoTests;
			productName = FToDoTests;
			productReference = 15799DB42A94FAD7006390FF /* FToDoTests.xctest */;
			productType = "com.apple.product-type.bundle.unit-test";
		};
		15799DBD2A94FAD7006390FF /* FToDoUITests */ = {
			isa = PBXNativeTarget;
			buildConfigurationList = 15799DCE2A94FAD7006390FF /* Build configuration list for PBXNativeTarget "FToDoUITests" */;
			buildPhases = (
				15799DBA2A94FAD7006390FF /* Sources */,
				15799DBB2A94FAD7006390FF /* Frameworks */,
				15799DBC2A94FAD7006390FF /* Resources */,
			);
			buildRules = (
			);
			dependencies = (
				15799DC02A94FAD7006390FF /* PBXTargetDependency */,
			);
			name = FToDoUITests;
			productName = FToDoUITests;
			productReference = 15799DBE2A94FAD7006390FF /* FToDoUITests.xctest */;
			productType = "com.apple.product-type.bundle.ui-testing";
		};
/* End PBXNativeTarget section */

/* Begin PBXProject section */
		15799D9C2A94FAD6006390FF /* Project object */ = {
			isa = PBXProject;
			attributes = {
				BuildIndependentTargetsInParallel = 1;
				LastSwiftUpdateCheck = 1430;
				LastUpgradeCheck = 1430;
				TargetAttributes = {
					15799DA32A94FAD6006390FF = {
						CreatedOnToolsVersion = 14.3.1;
					};
					15799DB32A94FAD7006390FF = {
						CreatedOnToolsVersion = 14.3.1;
						TestTargetID = 15799DA32A94FAD6006390FF;
					};
					15799DBD2A94FAD7006390FF = {
						CreatedOnToolsVersion = 14.3.1;
						TestTargetID = 15799DA32A94FAD6006390FF;
					};
				};
			};
			buildConfigurationList = 15799D9F2A94FAD6006390FF /* Build configuration list for PBXProject "FToDo" */;
			compatibilityVersion = "Xcode 14.0";
			developmentRegion = en;
			hasScannedForEncodings = 0;
			knownRegions = (
				en,
				Base,
			);
			mainGroup = 15799D9B2A94FAD6006390FF;
			packageReferences = (
				159CB6002A950A7F0013340E /* XCRemoteSwiftPackageReference "firebase-ios-sdk" */,
			);
			productRefGroup = 15799DA52A94FAD6006390FF /* Products */;
			projectDirPath = "";
			projectRoot = "";
			targets = (
				15799DA32A94FAD6006390FF /* FToDo */,
				15799DB32A94FAD7006390FF /* FToDoTests */,
				15799DBD2A94FAD7006390FF /* FToDoUITests */,
			);
		};
/* End PBXProject section */

/* Begin PBXResourcesBuildPhase section */
		15799DA22A94FAD6006390FF /* Resources */ = {
			isa = PBXResourcesBuildPhase;
			buildActionMask = 2147483647;
			files = (
				15799DAF2A94FAD7006390FF /* Preview Assets.xcassets in Resources */,
				159CB60A2A950D890013340E /* LaunchScreen.storyboard in Resources */,
				15799DAC2A94FAD7006390FF /* Assets.xcassets in Resources */,
				159CB6082A950BA90013340E /* GoogleService-Info.plist in Resources */,
			);
			runOnlyForDeploymentPostprocessing = 0;
		};
		15799DB22A94FAD7006390FF /* Resources */ = {
			isa = PBXResourcesBuildPhase;
			buildActionMask = 2147483647;
			files = (
			);
			runOnlyForDeploymentPostprocessing = 0;
		};
		15799DBC2A94FAD7006390FF /* Resources */ = {
			isa = PBXResourcesBuildPhase;
			buildActionMask = 2147483647;
			files = (
			);
			runOnlyForDeploymentPostprocessing = 0;
		};
/* End PBXResourcesBuildPhase section */

/* Begin PBXSourcesBuildPhase section */
		15799DA02A94FAD6006390FF /* Sources */ = {
			isa = PBXSourcesBuildPhase;
			buildActionMask = 2147483647;
			files = (
				159CB6272A9621A10013340E /* NewItemView.swift in Sources */,
				159CB6262A9621A10013340E /* ToDoListItemView.swift in Sources */,
				159CB6142A9621830013340E /* ProfileViewViewModel.swift in Sources */,
				159CB6292A9621A10013340E /* TLButton.swift in Sources */,
				159CB6302A9624CA0013340E /* Users.swift in Sources */,
				159CB6242A9621A10013340E /* ProfileView.swift in Sources */,
				159CB6182A9621830013340E /* RegisterViewViewModel.swift in Sources */,
				159CB6172A9621830013340E /* MainViewViewModel.swift in Sources */,
				159CB6192A9621830013340E /* LoginViewViewModel.swift in Sources */,
				159CB6152A9621830013340E /* NewItemViewModel.swift in Sources */,
				15F831BF2A973C0300EB93A3 /* Admin.swift in Sources */,
				159CB62C2A9621A10013340E /* ToDoListViews.swift in Sources */,
				159CB6132A9621830013340E /* ToDoListViewViewModel.swift in Sources */,
				159CB6342A9626B60013340E /* Extensions.swift in Sources */,
				159CB62B2A9621A10013340E /* MainView.swift in Sources */,
				159CB6252A9621A10013340E /* LoginView.swift in Sources */,
				159CB6162A9621830013340E /* ToDoListItemViewViewModel.swift in Sources */,
				159CB62A2A9621A10013340E /* RegisterView.swift in Sources */,
				15799DA82A94FAD6006390FF /* FToDoApp.swift in Sources */,
				159CB6322A9626A90013340E /* ToDoListItem.swift in Sources */,
				159CB6282A9621A10013340E /* HeaderView.swift in Sources */,
			);
			runOnlyForDeploymentPostprocessing = 0;
		};
		15799DB02A94FAD7006390FF /* Sources */ = {
			isa = PBXSourcesBuildPhase;
			buildActionMask = 2147483647;
			files = (
				15799DB92A94FAD7006390FF /* FToDoTests.swift in Sources */,
			);
			runOnlyForDeploymentPostprocessing = 0;
		};
		15799DBA2A94FAD7006390FF /* Sources */ = {
			isa = PBXSourcesBuildPhase;
			buildActionMask = 2147483647;
			files = (
				15799DC32A94FAD7006390FF /* FToDoUITests.swift in Sources */,
				15799DC52A94FAD7006390FF /* FToDoUITestsLaunchTests.swift in Sources */,
			);
			runOnlyForDeploymentPostprocessing = 0;
		};
/* End PBXSourcesBuildPhase section */

/* Begin PBXTargetDependency section */
		15799DB62A94FAD7006390FF /* PBXTargetDependency */ = {
			isa = PBXTargetDependency;
			target = 15799DA32A94FAD6006390FF /* FToDo */;
			targetProxy = 15799DB52A94FAD7006390FF /* PBXContainerItemProxy */;
		};
		15799DC02A94FAD7006390FF /* PBXTargetDependency */ = {
			isa = PBXTargetDependency;
			target = 15799DA32A94FAD6006390FF /* FToDo */;
			targetProxy = 15799DBF2A94FAD7006390FF /* PBXContainerItemProxy */;
		};
/* End PBXTargetDependency section */

/* Begin XCBuildConfiguration section */
		15799DC62A94FAD7006390FF /* Debug */ = {
			isa = XCBuildConfiguration;
			buildSettings = {
				ALWAYS_SEARCH_USER_PATHS = NO;
				CLANG_ANALYZER_NONNULL = YES;
				CLANG_ANALYZER_NUMBER_OBJECT_CONVERSION = YES_AGGRESSIVE;
				CLANG_CXX_LANGUAGE_STANDARD = "gnu++20";
				CLANG_ENABLE_MODULES = YES;
				CLANG_ENABLE_OBJC_ARC = YES;
				CLANG_ENABLE_OBJC_WEAK = YES;
				CLANG_WARN_BLOCK_CAPTURE_AUTORELEASING = YES;
				CLANG_WARN_BOOL_CONVERSION = YES;
				CLANG_WARN_COMMA = YES;
				CLANG_WARN_CONSTANT_CONVERSION = YES;
				CLANG_WARN_DEPRECATED_OBJC_IMPLEMENTATIONS = YES;
				CLANG_WARN_DIRECT_OBJC_ISA_USAGE = YES_ERROR;
				CLANG_WARN_DOCUMENTATION_COMMENTS = YES;
				CLANG_WARN_EMPTY_BODY = YES;
				CLANG_WARN_ENUM_CONVERSION = YES;
				CLANG_WARN_INFINITE_RECURSION = YES;
				CLANG_WARN_INT_CONVERSION = YES;
				CLANG_WARN_NON_LITERAL_NULL_CONVERSION = YES;
				CLANG_WARN_OBJC_IMPLICIT_RETAIN_SELF = YES;
				CLANG_WARN_OBJC_LITERAL_CONVERSION = YES;
				CLANG_WARN_OBJC_ROOT_CLASS = YES_ERROR;
				CLANG_WARN_QUOTED_INCLUDE_IN_FRAMEWORK_HEADER = YES;
				CLANG_WARN_RANGE_LOOP_ANALYSIS = YES;
				CLANG_WARN_STRICT_PROTOTYPES = YES;
				CLANG_WARN_SUSPICIOUS_MOVE = YES;
				CLANG_WARN_UNGUARDED_AVAILABILITY = YES_AGGRESSIVE;
				CLANG_WARN_UNREACHABLE_CODE = YES;
				CLANG_WARN__DUPLICATE_METHOD_MATCH = YES;
				COPY_PHASE_STRIP = NO;
				DEBUG_INFORMATION_FORMAT = dwarf;
				ENABLE_STRICT_OBJC_MSGSEND = YES;
				ENABLE_TESTABILITY = YES;
				GCC_C_LANGUAGE_STANDARD = gnu11;
				GCC_DYNAMIC_NO_PIC = NO;
				GCC_NO_COMMON_BLOCKS = YES;
				GCC_OPTIMIZATION_LEVEL = 0;
				GCC_PREPROCESSOR_DEFINITIONS = (
					"DEBUG=1",
					"$(inherited)",
				);
				GCC_WARN_64_TO_32_BIT_CONVERSION = YES;
				GCC_WARN_ABOUT_RETURN_TYPE = YES_ERROR;
				GCC_WARN_UNDECLARED_SELECTOR = YES;
				GCC_WARN_UNINITIALIZED_AUTOS = YES_AGGRESSIVE;
				GCC_WARN_UNUSED_FUNCTION = YES;
				GCC_WARN_UNUSED_VARIABLE = YES;
				IPHONEOS_DEPLOYMENT_TARGET = 16.4;
				MTL_ENABLE_DEBUG_INFO = INCLUDE_SOURCE;
				MTL_FAST_MATH = YES;
				ONLY_ACTIVE_ARCH = YES;
				SDKROOT = iphoneos;
				SWIFT_ACTIVE_COMPILATION_CONDITIONS = DEBUG;
				SWIFT_OPTIMIZATION_LEVEL = "-Onone";
			};
			name = Debug;
		};
		15799DC72A94FAD7006390FF /* Release */ = {
			isa = XCBuildConfiguration;
			buildSettings = {
				ALWAYS_SEARCH_USER_PATHS = NO;
				CLANG_ANALYZER_NONNULL = YES;
				CLANG_ANALYZER_NUMBER_OBJECT_CONVERSION = YES_AGGRESSIVE;
				CLANG_CXX_LANGUAGE_STANDARD = "gnu++20";
				CLANG_ENABLE_MODULES = YES;
				CLANG_ENABLE_OBJC_ARC = YES;
				CLANG_ENABLE_OBJC_WEAK = YES;
				CLANG_WARN_BLOCK_CAPTURE_AUTORELEASING = YES;
				CLANG_WARN_BOOL_CONVERSION = YES;
				CLANG_WARN_COMMA = YES;
				CLANG_WARN_CONSTANT_CONVERSION = YES;
				CLANG_WARN_DEPRECATED_OBJC_IMPLEMENTATIONS = YES;
				CLANG_WARN_DIRECT_OBJC_ISA_USAGE = YES_ERROR;
				CLANG_WARN_DOCUMENTATION_COMMENTS = YES;
				CLANG_WARN_EMPTY_BODY = YES;
				CLANG_WARN_ENUM_CONVERSION = YES;
				CLANG_WARN_INFINITE_RECURSION = YES;
				CLANG_WARN_INT_CONVERSION = YES;
				CLANG_WARN_NON_LITERAL_NULL_CONVERSION = YES;
				CLANG_WARN_OBJC_IMPLICIT_RETAIN_SELF = YES;
				CLANG_WARN_OBJC_LITERAL_CONVERSION = YES;
				CLANG_WARN_OBJC_ROOT_CLASS = YES_ERROR;
				CLANG_WARN_QUOTED_INCLUDE_IN_FRAMEWORK_HEADER = YES;
				CLANG_WARN_RANGE_LOOP_ANALYSIS = YES;
				CLANG_WARN_STRICT_PROTOTYPES = YES;
				CLANG_WARN_SUSPICIOUS_MOVE = YES;
				CLANG_WARN_UNGUARDED_AVAILABILITY = YES_AGGRESSIVE;
				CLANG_WARN_UNREACHABLE_CODE = YES;
				CLANG_WARN__DUPLICATE_METHOD_MATCH = YES;
				COPY_PHASE_STRIP = NO;
				DEBUG_INFORMATION_FORMAT = "dwarf-with-dsym";
				ENABLE_NS_ASSERTIONS = NO;
				ENABLE_STRICT_OBJC_MSGSEND = YES;
				GCC_C_LANGUAGE_STANDARD = gnu11;
				GCC_NO_COMMON_BLOCKS = YES;
				GCC_WARN_64_TO_32_BIT_CONVERSION = YES;
				GCC_WARN_ABOUT_RETURN_TYPE = YES_ERROR;
				GCC_WARN_UNDECLARED_SELECTOR = YES;
				GCC_WARN_UNINITIALIZED_AUTOS = YES_AGGRESSIVE;
				GCC_WARN_UNUSED_FUNCTION = YES;
				GCC_WARN_UNUSED_VARIABLE = YES;
				IPHONEOS_DEPLOYMENT_TARGET = 16.4;
				MTL_ENABLE_DEBUG_INFO = NO;
				MTL_FAST_MATH = YES;
				SDKROOT = iphoneos;
				SWIFT_COMPILATION_MODE = wholemodule;
				SWIFT_OPTIMIZATION_LEVEL = "-O";
				VALIDATE_PRODUCT = YES;
			};
			name = Release;
		};
		15799DC92A94FAD7006390FF /* Debug */ = {
			isa = XCBuildConfiguration;
			buildSettings = {
				ASSETCATALOG_COMPILER_APPICON_NAME = AppIcon;
				ASSETCATALOG_COMPILER_GLOBAL_ACCENT_COLOR_NAME = AccentColor;
				CODE_SIGN_STYLE = Automatic;
				CURRENT_PROJECT_VERSION = 1;
				DEVELOPMENT_ASSET_PATHS = "\"FToDo/Preview Content\"";
				DEVELOPMENT_TEAM = QS57NV4KZS;
				ENABLE_PREVIEWS = YES;
				GENERATE_INFOPLIST_FILE = YES;
				INFOPLIST_KEY_CFBundleDisplayName = "To Do";
				INFOPLIST_KEY_UIApplicationSceneManifest_Generation = YES;
				INFOPLIST_KEY_UIApplicationSupportsIndirectInputEvents = YES;
				INFOPLIST_KEY_UILaunchScreen_Generation = YES;
				INFOPLIST_KEY_UILaunchStoryboardName = LaunchScreen.storyboard;
				INFOPLIST_KEY_UISupportedInterfaceOrientations = UIInterfaceOrientationPortrait;
				LD_RUNPATH_SEARCH_PATHS = (
					"$(inherited)",
					"@executable_path/Frameworks",
				);
				MARKETING_VERSION = 1.0;
				PRODUCT_BUNDLE_IDENTIFIER = YEB.FToDo;
				PRODUCT_NAME = "$(TARGET_NAME)";
				SWIFT_EMIT_LOC_STRINGS = YES;
				SWIFT_VERSION = 5.0;
				TARGETED_DEVICE_FAMILY = "1,2";
			};
			name = Debug;
		};
		15799DCA2A94FAD7006390FF /* Release */ = {
			isa = XCBuildConfiguration;
			buildSettings = {
				ASSETCATALOG_COMPILER_APPICON_NAME = AppIcon;
				ASSETCATALOG_COMPILER_GLOBAL_ACCENT_COLOR_NAME = AccentColor;
				CODE_SIGN_STYLE = Automatic;
				CURRENT_PROJECT_VERSION = 1;
				DEVELOPMENT_ASSET_PATHS = "\"FToDo/Preview Content\"";
				DEVELOPMENT_TEAM = QS57NV4KZS;
				ENABLE_PREVIEWS = YES;
				GENERATE_INFOPLIST_FILE = YES;
				INFOPLIST_KEY_CFBundleDisplayName = "To Do";
				INFOPLIST_KEY_UIApplicationSceneManifest_Generation = YES;
				INFOPLIST_KEY_UIApplicationSupportsIndirectInputEvents = YES;
				INFOPLIST_KEY_UILaunchScreen_Generation = YES;
				INFOPLIST_KEY_UILaunchStoryboardName = LaunchScreen.storyboard;
				INFOPLIST_KEY_UISupportedInterfaceOrientations = UIInterfaceOrientationPortrait;
				LD_RUNPATH_SEARCH_PATHS = (
					"$(inherited)",
					"@executable_path/Frameworks",
				);
				MARKETING_VERSION = 1.0;
				PRODUCT_BUNDLE_IDENTIFIER = YEB.FToDo;
				PRODUCT_NAME = "$(TARGET_NAME)";
				SWIFT_EMIT_LOC_STRINGS = YES;
				SWIFT_VERSION = 5.0;
				TARGETED_DEVICE_FAMILY = "1,2";
			};
			name = Release;
		};
		15799DCC2A94FAD7006390FF /* Debug */ = {
			isa = XCBuildConfiguration;
			buildSettings = {
				ALWAYS_EMBED_SWIFT_STANDARD_LIBRARIES = YES;
				BUNDLE_LOADER = "$(TEST_HOST)";
				CODE_SIGN_STYLE = Automatic;
				CURRENT_PROJECT_VERSION = 1;
				DEVELOPMENT_TEAM = QS57NV4KZS;
				GENERATE_INFOPLIST_FILE = YES;
				IPHONEOS_DEPLOYMENT_TARGET = 16.4;
				MARKETING_VERSION = 1.0;
				PRODUCT_BUNDLE_IDENTIFIER = YEB.FToDoTests;
				PRODUCT_NAME = "$(TARGET_NAME)";
				SWIFT_EMIT_LOC_STRINGS = NO;
				SWIFT_VERSION = 5.0;
				TARGETED_DEVICE_FAMILY = "1,2";
				TEST_HOST = "$(BUILT_PRODUCTS_DIR)/FToDo.app/$(BUNDLE_EXECUTABLE_FOLDER_PATH)/FToDo";
			};
			name = Debug;
		};
		15799DCD2A94FAD7006390FF /* Release */ = {
			isa = XCBuildConfiguration;
			buildSettings = {
				ALWAYS_EMBED_SWIFT_STANDARD_LIBRARIES = YES;
				BUNDLE_LOADER = "$(TEST_HOST)";
				CODE_SIGN_STYLE = Automatic;
				CURRENT_PROJECT_VERSION = 1;
				DEVELOPMENT_TEAM = QS57NV4KZS;
				GENERATE_INFOPLIST_FILE = YES;
				IPHONEOS_DEPLOYMENT_TARGET = 16.4;
				MARKETING_VERSION = 1.0;
				PRODUCT_BUNDLE_IDENTIFIER = YEB.FToDoTests;
				PRODUCT_NAME = "$(TARGET_NAME)";
				SWIFT_EMIT_LOC_STRINGS = NO;
				SWIFT_VERSION = 5.0;
				TARGETED_DEVICE_FAMILY = "1,2";
				TEST_HOST = "$(BUILT_PRODUCTS_DIR)/FToDo.app/$(BUNDLE_EXECUTABLE_FOLDER_PATH)/FToDo";
			};
			name = Release;
		};
		15799DCF2A94FAD7006390FF /* Debug */ = {
			isa = XCBuildConfiguration;
			buildSettings = {
				ALWAYS_EMBED_SWIFT_STANDARD_LIBRARIES = YES;
				CODE_SIGN_STYLE = Automatic;
				CURRENT_PROJECT_VERSION = 1;
				DEVELOPMENT_TEAM = QS57NV4KZS;
				GENERATE_INFOPLIST_FILE = YES;
				MARKETING_VERSION = 1.0;
				PRODUCT_BUNDLE_IDENTIFIER = YEB.FToDoUITests;
				PRODUCT_NAME = "$(TARGET_NAME)";
				SWIFT_EMIT_LOC_STRINGS = NO;
				SWIFT_VERSION = 5.0;
				TARGETED_DEVICE_FAMILY = "1,2";
				TEST_TARGET_NAME = FToDo;
			};
			name = Debug;
		};
		15799DD02A94FAD7006390FF /* Release */ = {
			isa = XCBuildConfiguration;
			buildSettings = {
				ALWAYS_EMBED_SWIFT_STANDARD_LIBRARIES = YES;
				CODE_SIGN_STYLE = Automatic;
				CURRENT_PROJECT_VERSION = 1;
				DEVELOPMENT_TEAM = QS57NV4KZS;
				GENERATE_INFOPLIST_FILE = YES;
				MARKETING_VERSION = 1.0;
				PRODUCT_BUNDLE_IDENTIFIER = YEB.FToDoUITests;
				PRODUCT_NAME = "$(TARGET_NAME)";
				SWIFT_EMIT_LOC_STRINGS = NO;
				SWIFT_VERSION = 5.0;
				TARGETED_DEVICE_FAMILY = "1,2";
				TEST_TARGET_NAME = FToDo;
			};
			name = Release;
		};
/* End XCBuildConfiguration section */

/* Begin XCConfigurationList section */
		15799D9F2A94FAD6006390FF /* Build configuration list for PBXProject "FToDo" */ = {
			isa = XCConfigurationList;
			buildConfigurations = (
				15799DC62A94FAD7006390FF /* Debug */,
				15799DC72A94FAD7006390FF /* Release */,
			);
			defaultConfigurationIsVisible = 0;
			defaultConfigurationName = Release;
		};
		15799DC82A94FAD7006390FF /* Build configuration list for PBXNativeTarget "FToDo" */ = {
			isa = XCConfigurationList;
			buildConfigurations = (
				15799DC92A94FAD7006390FF /* Debug */,
				15799DCA2A94FAD7006390FF /* Release */,
			);
			defaultConfigurationIsVisible = 0;
			defaultConfigurationName = Release;
		};
		15799DCB2A94FAD7006390FF /* Build configuration list for PBXNativeTarget "FToDoTests" */ = {
			isa = XCConfigurationList;
			buildConfigurations = (
				15799DCC2A94FAD7006390FF /* Debug */,
				15799DCD2A94FAD7006390FF /* Release */,
			);
			defaultConfigurationIsVisible = 0;
			defaultConfigurationName = Release;
		};
		15799DCE2A94FAD7006390FF /* Build configuration list for PBXNativeTarget "FToDoUITests" */ = {
			isa = XCConfigurationList;
			buildConfigurations = (
				15799DCF2A94FAD7006390FF /* Debug */,
				15799DD02A94FAD7006390FF /* Release */,
			);
			defaultConfigurationIsVisible = 0;
			defaultConfigurationName = Release;
		};
/* End XCConfigurationList section */

/* Begin XCRemoteSwiftPackageReference section */
		159CB6002A950A7F0013340E /* XCRemoteSwiftPackageReference "firebase-ios-sdk" */ = {
			isa = XCRemoteSwiftPackageReference;
			repositoryURL = "https://github.com/firebase/firebase-ios-sdk.git";
			requirement = {
				kind = upToNextMajorVersion;
				minimumVersion = 10.0.0;
			};
		};
/* End XCRemoteSwiftPackageReference section */

/* Begin XCSwiftPackageProductDependency section */
		159CB6012A950A7F0013340E /* FirebaseAuth */ = {
			isa = XCSwiftPackageProductDependency;
			package = 159CB6002A950A7F0013340E /* XCRemoteSwiftPackageReference "firebase-ios-sdk" */;
			productName = FirebaseAuth;
		};
		159CB6032A950A7F0013340E /* FirebaseFirestore */ = {
			isa = XCSwiftPackageProductDependency;
			package = 159CB6002A950A7F0013340E /* XCRemoteSwiftPackageReference "firebase-ios-sdk" */;
			productName = FirebaseFirestore;
		};
		159CB6052A950A7F0013340E /* FirebaseFirestoreSwift */ = {
			isa = XCSwiftPackageProductDependency;
			package = 159CB6002A950A7F0013340E /* XCRemoteSwiftPackageReference "firebase-ios-sdk" */;
			productName = FirebaseFirestoreSwift;
		};
/* End XCSwiftPackageProductDependency section */
	};
	rootObject = 15799D9C2A94FAD6006390FF /* Project object */;
}
